
Microsoft Visual Studio Solution File, Format Version 12.00
# Visual Studio 2017
Project("{FAE04EC0-301F-11D3-BF4B-00C04F79EFBC}") = "backend", "backend.csproj", "{ECCA4C87-9C97-464C-A804-D3B41ED80EBA}"
EndProject
Project("{FAE04EC0-301F-11D3-BF4B-00C04F79EFBC}") = "TinyTranslations", "..\..\..\gymlocator\src\TinyTranslatons\TinyTranslations.csproj", "{C172ABE2-0E35-49A8-94F9-2CB1B5383D6E}"
EndProject
Global
	GlobalSection(SolutionConfigurationPlatforms) = preSolution
		Debug|Any CPU = Debug|Any CPU
		Release|Any CPU = Release|Any CPU
	EndGlobalSection
	GlobalSection(ProjectConfigurationPlatforms) = postSolution
		{ECCA4C87-9C97-464C-A804-D3B41ED80EBA}.Debug|Any CPU.ActiveCfg = Debug|Any CPU
		{ECCA4C87-9C97-464C-A804-D3B41ED80EBA}.Debug|Any CPU.Build.0 = Debug|Any CPU
		{ECCA4C87-9C97-464C-A804-D3B41ED80EBA}.Release|Any CPU.ActiveCfg = Release|Any CPU
		{ECCA4C87-9C97-464C-A804-D3B41ED80EBA}.Release|Any CPU.Build.0 = Release|Any CPU
		{C172ABE2-0E35-49A8-94F9-2CB1B5383D6E}.Debug|Any CPU.ActiveCfg = Debug|Any CPU
		{C172ABE2-0E35-49A8-94F9-2CB1B5383D6E}.Debug|Any CPU.Build.0 = Debug|Any CPU
		{C172ABE2-0E35-49A8-94F9-2CB1B5383D6E}.Release|Any CPU.ActiveCfg = Release|Any CPU
		{C172ABE2-0E35-49A8-94F9-2CB1B5383D6E}.Release|Any CPU.Build.0 = Release|Any CPU
	EndGlobalSection
EndGlobal
